// !$*UTF8*$!
{
	archiveVersion = 1;
	classes = {
	};
	objectVersion = 50;
	objects = {

/* Begin PBXBuildFile section */
		D33AB18125EAF956002033C8 /* MapViewController.swift in Sources */ = {isa = PBXBuildFile; fileRef = D33AB18025EAF956002033C8 /* MapViewController.swift */; };
		D37E1B5625EC2A820016146B /* FlickrClient.swift in Sources */ = {isa = PBXBuildFile; fileRef = D37E1B5525EC2A820016146B /* FlickrClient.swift */; };
		D37E1B5C25EC4A6B0016146B /* PhotoResponse.swift in Sources */ = {isa = PBXBuildFile; fileRef = D37E1B5B25EC4A6B0016146B /* PhotoResponse.swift */; };
		D38703B925EE949100A088A0 /* DataController.swift in Sources */ = {isa = PBXBuildFile; fileRef = D38703B825EE949100A088A0 /* DataController.swift */; };
		D38703BB25EF4DED00A088A0 /* PhotoAlbumViewController+CollectionView.swift in Sources */ = {isa = PBXBuildFile; fileRef = D38703BA25EF4DED00A088A0 /* PhotoAlbumViewController+CollectionView.swift */; };
		D3C0361125EA157100C5F4FA /* AppDelegate.swift in Sources */ = {isa = PBXBuildFile; fileRef = D3C0361025EA157100C5F4FA /* AppDelegate.swift */; };
		D3C0361625EA157100C5F4FA /* Main.storyboard in Resources */ = {isa = PBXBuildFile; fileRef = D3C0361425EA157100C5F4FA /* Main.storyboard */; };
		D3C0361925EA157100C5F4FA /* VirtualTourist.xcdatamodeld in Sources */ = {isa = PBXBuildFile; fileRef = D3C0361725EA157100C5F4FA /* VirtualTourist.xcdatamodeld */; };
		D3C0361B25EA157300C5F4FA /* Assets.xcassets in Resources */ = {isa = PBXBuildFile; fileRef = D3C0361A25EA157300C5F4FA /* Assets.xcassets */; };
		D3C0361E25EA157300C5F4FA /* LaunchScreen.storyboard in Resources */ = {isa = PBXBuildFile; fileRef = D3C0361C25EA157300C5F4FA /* LaunchScreen.storyboard */; };
		D3F1ABD025EFE9160009EBBC /* PhotoAlbumViewController+NSFetchResultsController.swift in Sources */ = {isa = PBXBuildFile; fileRef = D3F1ABCF25EFE9160009EBBC /* PhotoAlbumViewController+NSFetchResultsController.swift */; };
		D3F1ABD225EFF10A0009EBBC /* PhotoAlbumViewController+MKMapView.swift in Sources */ = {isa = PBXBuildFile; fileRef = D3F1ABD125EFF10A0009EBBC /* PhotoAlbumViewController+MKMapView.swift */; };
		D3FD55D125EDB28A003BF666 /* PhotoAlbumViewController.swift in Sources */ = {isa = PBXBuildFile; fileRef = D3FD55D025EDB28A003BF666 /* PhotoAlbumViewController.swift */; };
		D3FD55D325EDB80C003BF666 /* PhotoCollectionViewCell.swift in Sources */ = {isa = PBXBuildFile; fileRef = D3FD55D225EDB80C003BF666 /* PhotoCollectionViewCell.swift */; };
/* End PBXBuildFile section */

/* Begin PBXFileReference section */
		D33AB18025EAF956002033C8 /* MapViewController.swift */ = {isa = PBXFileReference; lastKnownFileType = sourcecode.swift; path = MapViewController.swift; sourceTree = "<group>"; };
		D37E1B5525EC2A820016146B /* FlickrClient.swift */ = {isa = PBXFileReference; lastKnownFileType = sourcecode.swift; path = FlickrClient.swift; sourceTree = "<group>"; };
		D37E1B5B25EC4A6B0016146B /* PhotoResponse.swift */ = {isa = PBXFileReference; lastKnownFileType = sourcecode.swift; name = PhotoResponse.swift; path = ../PhotoResponse.swift; sourceTree = "<group>"; };
		D38703B825EE949100A088A0 /* DataController.swift */ = {isa = PBXFileReference; lastKnownFileType = sourcecode.swift; path = DataController.swift; sourceTree = "<group>"; };
		D38703BA25EF4DED00A088A0 /* PhotoAlbumViewController+CollectionView.swift */ = {isa = PBXFileReference; lastKnownFileType = sourcecode.swift; path = "PhotoAlbumViewController+CollectionView.swift"; sourceTree = "<group>"; };
		D3C0360D25EA157000C5F4FA /* VirtualTourist.app */ = {isa = PBXFileReference; explicitFileType = wrapper.application; includeInIndex = 0; path = VirtualTourist.app; sourceTree = BUILT_PRODUCTS_DIR; };
		D3C0361025EA157100C5F4FA /* AppDelegate.swift */ = {isa = PBXFileReference; lastKnownFileType = sourcecode.swift; path = AppDelegate.swift; sourceTree = "<group>"; };
		D3C0361525EA157100C5F4FA /* Base */ = {isa = PBXFileReference; lastKnownFileType = file.storyboard; name = Base; path = Base.lproj/Main.storyboard; sourceTree = "<group>"; };
		D3C0361825EA157100C5F4FA /* VirtualTourist.xcdatamodel */ = {isa = PBXFileReference; lastKnownFileType = wrapper.xcdatamodel; path = VirtualTourist.xcdatamodel; sourceTree = "<group>"; };
		D3C0361A25EA157300C5F4FA /* Assets.xcassets */ = {isa = PBXFileReference; lastKnownFileType = folder.assetcatalog; path = Assets.xcassets; sourceTree = "<group>"; };
		D3C0361D25EA157300C5F4FA /* Base */ = {isa = PBXFileReference; lastKnownFileType = file.storyboard; name = Base; path = Base.lproj/LaunchScreen.storyboard; sourceTree = "<group>"; };
		D3C0361F25EA157300C5F4FA /* Info.plist */ = {isa = PBXFileReference; lastKnownFileType = text.plist.xml; path = Info.plist; sourceTree = "<group>"; };
		D3F1ABCF25EFE9160009EBBC /* PhotoAlbumViewController+NSFetchResultsController.swift */ = {isa = PBXFileReference; lastKnownFileType = sourcecode.swift; path = "PhotoAlbumViewController+NSFetchResultsController.swift"; sourceTree = "<group>"; };
		D3F1ABD125EFF10A0009EBBC /* PhotoAlbumViewController+MKMapView.swift */ = {isa = PBXFileReference; lastKnownFileType = sourcecode.swift; path = "PhotoAlbumViewController+MKMapView.swift"; sourceTree = "<group>"; };
		D3FD55D025EDB28A003BF666 /* PhotoAlbumViewController.swift */ = {isa = PBXFileReference; lastKnownFileType = sourcecode.swift; path = PhotoAlbumViewController.swift; sourceTree = "<group>"; };
		D3FD55D225EDB80C003BF666 /* PhotoCollectionViewCell.swift */ = {isa = PBXFileReference; lastKnownFileType = sourcecode.swift; name = PhotoCollectionViewCell.swift; path = "View Controller/PhotoCollectionViewCell.swift"; sourceTree = "<group>"; };
/* End PBXFileReference section */

/* Begin PBXFrameworksBuildPhase section */
		D3C0360A25EA157000C5F4FA /* Frameworks */ = {
			isa = PBXFrameworksBuildPhase;
			buildActionMask = 2147483647;
			files = (
			);
			runOnlyForDeploymentPostprocessing = 0;
		};
/* End PBXFrameworksBuildPhase section */

/* Begin PBXGroup section */
		D37395F125F3E23A00FF7A3D /* View Controller */ = {
			isa = PBXGroup;
			children = (
				D33AB18025EAF956002033C8 /* MapViewController.swift */,
				D3FD55D025EDB28A003BF666 /* PhotoAlbumViewController.swift */,
				D38703BA25EF4DED00A088A0 /* PhotoAlbumViewController+CollectionView.swift */,
				D3F1ABCF25EFE9160009EBBC /* PhotoAlbumViewController+NSFetchResultsController.swift */,
				D3F1ABD125EFF10A0009EBBC /* PhotoAlbumViewController+MKMapView.swift */,
			);
			path = "View Controller";
			sourceTree = "<group>";
		};
		D37E1B5725EC2C7E0016146B /* Model */ = {
			isa = PBXGroup;
			children = (
				D3C0361725EA157100C5F4FA /* VirtualTourist.xcdatamodeld */,
				D37E1B5925EC2CB20016146B /* Client */,
			);
			path = Model;
			sourceTree = "<group>";
		};
		D37E1B5925EC2CB20016146B /* Client */ = {
			isa = PBXGroup;
			children = (
				D37E1B5B25EC4A6B0016146B /* PhotoResponse.swift */,
				D37E1B5525EC2A820016146B /* FlickrClient.swift */,
			);
			path = Client;
			sourceTree = "<group>";
		};
		D3C0360425EA157000C5F4FA = {
			isa = PBXGroup;
			children = (
				D3C0360F25EA157000C5F4FA /* VirtualTourist */,
				D3C0360E25EA157000C5F4FA /* Products */,
			);
			sourceTree = "<group>";
		};
		D3C0360E25EA157000C5F4FA /* Products */ = {
			isa = PBXGroup;
			children = (
				D3C0360D25EA157000C5F4FA /* VirtualTourist.app */,
			);
			name = Products;
			sourceTree = "<group>";
		};
		D3C0360F25EA157000C5F4FA /* VirtualTourist */ = {
			isa = PBXGroup;
			children = (
				D3C0361425EA157100C5F4FA /* Main.storyboard */,
				D3C0361C25EA157300C5F4FA /* LaunchScreen.storyboard */,
				D3C0361A25EA157300C5F4FA /* Assets.xcassets */,
				D3C0361F25EA157300C5F4FA /* Info.plist */,
				D3C0361025EA157100C5F4FA /* AppDelegate.swift */,
				D37E1B5725EC2C7E0016146B /* Model */,
				D37395F125F3E23A00FF7A3D /* View Controller */,
				D38703B825EE949100A088A0 /* DataController.swift */,
				D3FD55D225EDB80C003BF666 /* PhotoCollectionViewCell.swift */,
			);
			path = VirtualTourist;
			sourceTree = "<group>";
		};
/* End PBXGroup section */

/* Begin PBXNativeTarget section */
		D3C0360C25EA157000C5F4FA /* VirtualTourist */ = {
			isa = PBXNativeTarget;
			buildConfigurationList = D3C0362225EA157300C5F4FA /* Build configuration list for PBXNativeTarget "VirtualTourist" */;
			buildPhases = (
				D3C0360925EA157000C5F4FA /* Sources */,
				D3C0360A25EA157000C5F4FA /* Frameworks */,
				D3C0360B25EA157000C5F4FA /* Resources */,
			);
			buildRules = (
			);
			dependencies = (
			);
			name = VirtualTourist;
			productName = VirtualTourist;
			productReference = D3C0360D25EA157000C5F4FA /* VirtualTourist.app */;
			productType = "com.apple.product-type.application";
		};
/* End PBXNativeTarget section */

/* Begin PBXProject section */
		D3C0360525EA157000C5F4FA /* Project object */ = {
			isa = PBXProject;
			attributes = {
				LastSwiftUpdateCheck = 1030;
				LastUpgradeCheck = 1030;
				ORGANIZATIONNAME = "Leela Krishna Chaitanya Koravi";
				TargetAttributes = {
					D3C0360C25EA157000C5F4FA = {
						CreatedOnToolsVersion = 10.3;
					};
				};
			};
			buildConfigurationList = D3C0360825EA157000C5F4FA /* Build configuration list for PBXProject "VirtualTourist" */;
			compatibilityVersion = "Xcode 9.3";
			developmentRegion = en;
			hasScannedForEncodings = 0;
			knownRegions = (
				en,
				Base,
			);
			mainGroup = D3C0360425EA157000C5F4FA;
			productRefGroup = D3C0360E25EA157000C5F4FA /* Products */;
			projectDirPath = "";
			projectRoot = "";
			targets = (
				D3C0360C25EA157000C5F4FA /* VirtualTourist */,
			);
		};
/* End PBXProject section */

/* Begin PBXResourcesBuildPhase section */
		D3C0360B25EA157000C5F4FA /* Resources */ = {
			isa = PBXResourcesBuildPhase;
			buildActionMask = 2147483647;
			files = (
				D3C0361E25EA157300C5F4FA /* LaunchScreen.storyboard in Resources */,
				D3C0361B25EA157300C5F4FA /* Assets.xcassets in Resources */,
				D3C0361625EA157100C5F4FA /* Main.storyboard in Resources */,
			);
			runOnlyForDeploymentPostprocessing = 0;
		};
/* End PBXResourcesBuildPhase section */

/* Begin PBXSourcesBuildPhase section */
		D3C0360925EA157000C5F4FA /* Sources */ = {
			isa = PBXSourcesBuildPhase;
			buildActionMask = 2147483647;
			files = (
				D3F1ABD025EFE9160009EBBC /* PhotoAlbumViewController+NSFetchResultsController.swift in Sources */,
				D3F1ABD225EFF10A0009EBBC /* PhotoAlbumViewController+MKMapView.swift in Sources */,
				D3FD55D325EDB80C003BF666 /* PhotoCollectionViewCell.swift in Sources */,
				D38703BB25EF4DED00A088A0 /* PhotoAlbumViewController+CollectionView.swift in Sources */,
				D37E1B5C25EC4A6B0016146B /* PhotoResponse.swift in Sources */,
				D3C0361125EA157100C5F4FA /* AppDelegate.swift in Sources */,
				D38703B925EE949100A088A0 /* DataController.swift in Sources */,
				D3C0361925EA157100C5F4FA /* VirtualTourist.xcdatamodeld in Sources */,
				D3FD55D125EDB28A003BF666 /* PhotoAlbumViewController.swift in Sources */,
				D33AB18125EAF956002033C8 /* MapViewController.swift in Sources */,
				D37E1B5625EC2A820016146B /* FlickrClient.swift in Sources */,
			);
			runOnlyForDeploymentPostprocessing = 0;
		};
/* End PBXSourcesBuildPhase section */

/* Begin PBXVariantGroup section */
		D3C0361425EA157100C5F4FA /* Main.storyboard */ = {
			isa = PBXVariantGroup;
			children = (
				D3C0361525EA157100C5F4FA /* Base */,
			);
			name = Main.storyboard;
			sourceTree = "<group>";
		};
		D3C0361C25EA157300C5F4FA /* LaunchScreen.storyboard */ = {
			isa = PBXVariantGroup;
			children = (
				D3C0361D25EA157300C5F4FA /* Base */,
			);
			name = LaunchScreen.storyboard;
			sourceTree = "<group>";
		};
/* End PBXVariantGroup section */

/* Begin XCBuildConfiguration section */
		D3C0362025EA157300C5F4FA /* Debug */ = {
			isa = XCBuildConfiguration;
			buildSettings = {
				ALWAYS_SEARCH_USER_PATHS = NO;
				CLANG_ANALYZER_NONNULL = YES;
				CLANG_ANALYZER_NUMBER_OBJECT_CONVERSION = YES_AGGRESSIVE;
				CLANG_CXX_LANGUAGE_STANDARD = "gnu++14";
				CLANG_CXX_LIBRARY = "libc++";
				CLANG_ENABLE_MODULES = YES;
				CLANG_ENABLE_OBJC_ARC = YES;
				CLANG_ENABLE_OBJC_WEAK = YES;
				CLANG_WARN_BLOCK_CAPTURE_AUTORELEASING = YES;
				CLANG_WARN_BOOL_CONVERSION = YES;
				CLANG_WARN_COMMA = YES;
				CLANG_WARN_CONSTANT_CONVERSION = YES;
				CLANG_WARN_DEPRECATED_OBJC_IMPLEMENTATIONS = YES;
				CLANG_WARN_DIRECT_OBJC_ISA_USAGE = YES_ERROR;
				CLANG_WARN_DOCUMENTATION_COMMENTS = YES;
				CLANG_WARN_EMPTY_BODY = YES;
				CLANG_WARN_ENUM_CONVERSION = YES;
				CLANG_WARN_INFINITE_RECURSION = YES;
				CLANG_WARN_INT_CONVERSION = YES;
				CLANG_WARN_NON_LITERAL_NULL_CONVERSION = YES;
				CLANG_WARN_OBJC_IMPLICIT_RETAIN_SELF = YES;
				CLANG_WARN_OBJC_LITERAL_CONVERSION = YES;
				CLANG_WARN_OBJC_ROOT_CLASS = YES_ERROR;
				CLANG_WARN_RANGE_LOOP_ANALYSIS = YES;
				CLANG_WARN_STRICT_PROTOTYPES = YES;
				CLANG_WARN_SUSPICIOUS_MOVE = YES;
				CLANG_WARN_UNGUARDED_AVAILABILITY = YES_AGGRESSIVE;
				CLANG_WARN_UNREACHABLE_CODE = YES;
				CLANG_WARN__DUPLICATE_METHOD_MATCH = YES;
				CODE_SIGN_IDENTITY = "iPhone Developer";
				COPY_PHASE_STRIP = NO;
				DEBUG_INFORMATION_FORMAT = dwarf;
				ENABLE_STRICT_OBJC_MSGSEND = YES;
				ENABLE_TESTABILITY = YES;
				GCC_C_LANGUAGE_STANDARD = gnu11;
				GCC_DYNAMIC_NO_PIC = NO;
				GCC_NO_COMMON_BLOCKS = YES;
				GCC_OPTIMIZATION_LEVEL = 0;
				GCC_PREPROCESSOR_DEFINITIONS = (
					"DEBUG=1",
					"$(inherited)",
				);
				GCC_WARN_64_TO_32_BIT_CONVERSION = YES;
				GCC_WARN_ABOUT_RETURN_TYPE = YES_ERROR;
				GCC_WARN_UNDECLARED_SELECTOR = YES;
				GCC_WARN_UNINITIALIZED_AUTOS = YES_AGGRESSIVE;
				GCC_WARN_UNUSED_FUNCTION = YES;
				GCC_WARN_UNUSED_VARIABLE = YES;
				IPHONEOS_DEPLOYMENT_TARGET = 12.4;
				MTL_ENABLE_DEBUG_INFO = INCLUDE_SOURCE;
				MTL_FAST_MATH = YES;
				ONLY_ACTIVE_ARCH = YES;
				SDKROOT = iphoneos;
				SWIFT_ACTIVE_COMPILATION_CONDITIONS = DEBUG;
				SWIFT_OPTIMIZATION_LEVEL = "-Onone";
			};
			name = Debug;
		};
		D3C0362125EA157300C5F4FA /* Release */ = {
			isa = XCBuildConfiguration;
			buildSettings = {
				ALWAYS_SEARCH_USER_PATHS = NO;
				CLANG_ANALYZER_NONNULL = YES;
				CLANG_ANALYZER_NUMBER_OBJECT_CONVERSION = YES_AGGRESSIVE;
				CLANG_CXX_LANGUAGE_STANDARD = "gnu++14";
				CLANG_CXX_LIBRARY = "libc++";
				CLANG_ENABLE_MODULES = YES;
				CLANG_ENABLE_OBJC_ARC = YES;
				CLANG_ENABLE_OBJC_WEAK = YES;
				CLANG_WARN_BLOCK_CAPTURE_AUTORELEASING = YES;
				CLANG_WARN_BOOL_CONVERSION = YES;
				CLANG_WARN_COMMA = YES;
				CLANG_WARN_CONSTANT_CONVERSION = YES;
				CLANG_WARN_DEPRECATED_OBJC_IMPLEMENTATIONS = YES;
				CLANG_WARN_DIRECT_OBJC_ISA_USAGE = YES_ERROR;
				CLANG_WARN_DOCUMENTATION_COMMENTS = YES;
				CLANG_WARN_EMPTY_BODY = YES;
				CLANG_WARN_ENUM_CONVERSION = YES;
				CLANG_WARN_INFINITE_RECURSION = YES;
				CLANG_WARN_INT_CONVERSION = YES;
				CLANG_WARN_NON_LITERAL_NULL_CONVERSION = YES;
				CLANG_WARN_OBJC_IMPLICIT_RETAIN_SELF = YES;
				CLANG_WARN_OBJC_LITERAL_CONVERSION = YES;
				CLANG_WARN_OBJC_ROOT_CLASS = YES_ERROR;
				CLANG_WARN_RANGE_LOOP_ANALYSIS = YES;
				CLANG_WARN_STRICT_PROTOTYPES = YES;
				CLANG_WARN_SUSPICIOUS_MOVE = YES;
				CLANG_WARN_UNGUARDED_AVAILABILITY = YES_AGGRESSIVE;
				CLANG_WARN_UNREACHABLE_CODE = YES;
				CLANG_WARN__DUPLICATE_METHOD_MATCH = YES;
				CODE_SIGN_IDENTITY = "iPhone Developer";
				COPY_PHASE_STRIP = NO;
				DEBUG_INFORMATION_FORMAT = "dwarf-with-dsym";
				ENABLE_NS_ASSERTIONS = NO;
				ENABLE_STRICT_OBJC_MSGSEND = YES;
				GCC_C_LANGUAGE_STANDARD = gnu11;
				GCC_NO_COMMON_BLOCKS = YES;
				GCC_WARN_64_TO_32_BIT_CONVERSION = YES;
				GCC_WARN_ABOUT_RETURN_TYPE = YES_ERROR;
				GCC_WARN_UNDECLARED_SELECTOR = YES;
				GCC_WARN_UNINITIALIZED_AUTOS = YES_AGGRESSIVE;
				GCC_WARN_UNUSED_FUNCTION = YES;
				GCC_WARN_UNUSED_VARIABLE = YES;
				IPHONEOS_DEPLOYMENT_TARGET = 12.4;
				MTL_ENABLE_DEBUG_INFO = NO;
				MTL_FAST_MATH = YES;
				SDKROOT = iphoneos;
				SWIFT_COMPILATION_MODE = wholemodule;
				SWIFT_OPTIMIZATION_LEVEL = "-O";
				VALIDATE_PRODUCT = YES;
			};
			name = Release;
		};
		D3C0362325EA157300C5F4FA /* Debug */ = {
			isa = XCBuildConfiguration;
			buildSettings = {
				ASSETCATALOG_COMPILER_APPICON_NAME = AppIcon;
				CODE_SIGN_STYLE = Automatic;
				INFOPLIST_FILE = VirtualTourist/Info.plist;
				LD_RUNPATH_SEARCH_PATHS = (
					"$(inherited)",
					"@executable_path/Frameworks",
				);
				PRODUCT_BUNDLE_IDENTIFIER = "Leela-Krishna-Chaitanya-Koravi.VirtualTourist";
				PRODUCT_NAME = "$(TARGET_NAME)";
				SWIFT_VERSION = 5.0;
				TARGETED_DEVICE_FAMILY = "1,2";
			};
			name = Debug;
		};
		D3C0362425EA157300C5F4FA /* Release */ = {
			isa = XCBuildConfiguration;
			buildSettings = {
				ASSETCATALOG_COMPILER_APPICON_NAME = AppIcon;
				CODE_SIGN_STYLE = Automatic;
				INFOPLIST_FILE = VirtualTourist/Info.plist;
				LD_RUNPATH_SEARCH_PATHS = (
					"$(inherited)",
					"@executable_path/Frameworks",
				);
				PRODUCT_BUNDLE_IDENTIFIER = "Leela-Krishna-Chaitanya-Koravi.VirtualTourist";
				PRODUCT_NAME = "$(TARGET_NAME)";
				SWIFT_VERSION = 5.0;
				TARGETED_DEVICE_FAMILY = "1,2";
			};
			name = Release;
		};
/* End XCBuildConfiguration section */

/* Begin XCConfigurationList section */
		D3C0360825EA157000C5F4FA /* Build configuration list for PBXProject "VirtualTourist" */ = {
			isa = XCConfigurationList;
			buildConfigurations = (
				D3C0362025EA157300C5F4FA /* Debug */,
				D3C0362125EA157300C5F4FA /* Release */,
			);
			defaultConfigurationIsVisible = 0;
			defaultConfigurationName = Release;
		};
		D3C0362225EA157300C5F4FA /* Build configuration list for PBXNativeTarget "VirtualTourist" */ = {
			isa = XCConfigurationList;
			buildConfigurations = (
				D3C0362325EA157300C5F4FA /* Debug */,
				D3C0362425EA157300C5F4FA /* Release */,
			);
			defaultConfigurationIsVisible = 0;
			defaultConfigurationName = Release;
		};
/* End XCConfigurationList section */

/* Begin XCVersionGroup section */
		D3C0361725EA157100C5F4FA /* VirtualTourist.xcdatamodeld */ = {
			isa = XCVersionGroup;
			children = (
				D3C0361825EA157100C5F4FA /* VirtualTourist.xcdatamodel */,
			);
			currentVersion = D3C0361825EA157100C5F4FA /* VirtualTourist.xcdatamodel */;
			name = VirtualTourist.xcdatamodeld;
			path = ../VirtualTourist.xcdatamodeld;
			sourceTree = "<group>";
			versionGroupType = wrapper.xcdatamodel;
		};
/* End XCVersionGroup section */
	};
	rootObject = D3C0360525EA157000C5F4FA /* Project object */;
}
